
Microsoft Visual Studio Solution File, Format Version 12.00
# Visual Studio 15
VisualStudioVersion = 15.0.28307.902
MinimumVisualStudioVersion = 10.0.40219.1
Project("{F184B08F-C81C-45F6-A57F-5ABD9991F28F}") = "DBConnectCoding", "DBConnectCoding\DBConnectCoding.vbproj", "{6FCDB41B-AE12-4609-827F-53750D37163F}"
EndProject
Global
	GlobalSection(SolutionConfigurationPlatforms) = preSolution
		Debug|Any CPU = Debug|Any CPU
		Release|Any CPU = Release|Any CPU
	EndGlobalSection
	GlobalSection(ProjectConfigurationPlatforms) = postSolution
		{6FCDB41B-AE12-4609-827F-53750D37163F}.Debug|Any CPU.ActiveCfg = Debug|Any CPU
		{6FCDB41B-AE12-4609-827F-53750D37163F}.Debug|Any CPU.Build.0 = Debug|Any CPU
		{6FCDB41B-AE12-4609-827F-53750D37163F}.Release|Any CPU.ActiveCfg = Release|Any CPU
		{6FCDB41B-AE12-4609-827F-53750D37163F}.Release|Any CPU.Build.0 = Release|Any CPU
	EndGlobalSection
	GlobalSection(SolutionProperties) = preSolution
		HideSolutionNode = FALSE
	EndGlobalSection
	GlobalSection(ExtensibilityGlobals) = postSolution
		SolutionGuid = {42C2F5D6-0E03-429A-B5AC-DCFC369E90A0}
	EndGlobalSection
EndGlobal
